<?xml version="1.0" encoding="utf-8"?>
<Project ToolsVersion="4.0" xmlns="http://schemas.microsoft.com/developer/msbuild/2003">
  <ItemGroup>
    <Filter Include="Source Files">
      <UniqueIdentifier>{4FC737F1-C7A5-4376-A066-2A32D752A2FF}</UniqueIdentifier>
      <Extensions>cpp;c;cc;cxx;def;odl;idl;hpj;bat;asm;asmx</Extensions>
    </Filter>
    <Filter Include="Header Files">
      <UniqueIdentifier>{93995380-89BD-4b04-88EB-625FBE52EBFB}</UniqueIdentifier>
      <Extensions>h;hpp;hxx;hm;inl;inc;xsd</Extensions>
    </Filter>
    <Filter Include="Resource Files">
      <UniqueIdentifier>{67DA6AB6-F800-4c08-8B7A-83BB121AAD01}</UniqueIdentifier>
      <Extensions>rc;ico;cur;bmp;dlg;rc2;rct;bin;rgs;gif;jpg;jpeg;jpe;resx;tiff;tif;png;wav;mfcribbon-ms</Extensions>
    </Filter>
    <Filter Include="Header Files\OnePerOne">
      <UniqueIdentifier>{226c08ec-46b5-4f94-89ab-5f38b2e8fc16}</UniqueIdentifier>
    </Filter>
    <Filter Include="Source Files\OnePerOne">
      <UniqueIdentifier>{2b302a6b-d21a-4b76-92b0-6ff41670239b}</UniqueIdentifier>
    </Filter>
  </ItemGroup>
  <ItemGroup>
    <None Include="ReadMe.txt" />
  </ItemGroup>
  <ItemGroup>
    <ClInclude Include="stdafx.h">
      <Filter>Header Files</Filter>
    </ClInclude>
    <ClInclude Include="targetver.h">
      <Filter>Header Files</Filter>
    </ClInclude>
    <ClInclude Include="..\ClientExtention\Extention.h">
      <Filter>Header Files</Filter>
    </ClInclude>
    <ClInclude Include="ServerCodeModifier.h">
      <Filter>Header Files</Filter>
    </ClInclude>
    <ClInclude Include="..\ClientExtention\CodeModifier.h">
      <Filter>Header Files</Filter>
    </ClInclude>
    <ClInclude Include="globals.h">
      <Filter>Header Files</Filter>
    </ClInclude>
    <ClInclude Include="ServerHookInterface.h">
      <Filter>Header Files</Filter>
    </ClInclude>
    <ClInclude Include="User.h">
      <Filter>Header Files</Filter>
    </ClInclude>
    <ClInclude Include="wrappers.h">
      <Filter>Header Files</Filter>
    </ClInclude>
    <ClInclude Include="pktHelpers.h">
      <Filter>Header Files</Filter>
    </ClInclude>
    <ClInclude Include="Item.h">
      <Filter>Header Files</Filter>
    </ClInclude>
    <ClInclude Include="EventManager.h">
      <Filter>Header Files</Filter>
    </ClInclude>
    <ClInclude Include="EventData.h">
      <Filter>Header Files</Filter>
    </ClInclude>
    <ClInclude Include="dirent.h">
      <Filter>Header Files</Filter>
    </ClInclude>
    <ClInclude Include="PE_Hook.h">
      <Filter>Header Files</Filter>
    </ClInclude>
    <ClInclude Include="Hook.h">
      <Filter>Header Files</Filter>
    </ClInclude>
    <ClInclude Include="Npc.h">
      <Filter>Header Files</Filter>
    </ClInclude>
    <ClInclude Include="PacketDef.h">
      <Filter>Header Files</Filter>
    </ClInclude>
    <ClInclude Include="ConfigManager.h">
      <Filter>Header Files</Filter>
    </ClInclude>
    <ClInclude Include="TableItem.h">
      <Filter>Header Files\OnePerOne</Filter>
    </ClInclude>
    <ClInclude Include="UserItem.h">
      <Filter>Header Files\OnePerOne</Filter>
    </ClInclude>
    <ClInclude Include="MyDatabase.h">
      <Filter>Header Files\OnePerOne</Filter>
    </ClInclude>
    <ClInclude Include="Util.h">
      <Filter>Header Files\OnePerOne</Filter>
    </ClInclude>
  </ItemGroup>
  <ItemGroup>
    <ClCompile Include="stdafx.cpp">
      <Filter>Source Files</Filter>
    </ClCompile>
    <ClCompile Include="ServerExtention.cpp">
      <Filter>Source Files</Filter>
    </ClCompile>
    <ClCompile Include="dllmain.cpp">
      <Filter>Source Files</Filter>
    </ClCompile>
    <ClCompile Include="..\ClientExtention\Extention.cpp">
      <Filter>Source Files</Filter>
    </ClCompile>
    <ClCompile Include="ServerCodeModifier.cpp">
      <Filter>Source Files</Filter>
    </ClCompile>
    <ClCompile Include="..\ClientExtention\CodeModifier.cpp">
      <Filter>Source Files</Filter>
    </ClCompile>
    <ClCompile Include="ServerHookInterface.cpp">
      <Filter>Source Files</Filter>
    </ClCompile>
    <ClCompile Include="User.cpp">
      <Filter>Source Files</Filter>
    </ClCompile>
    <ClCompile Include="Item.cpp">
      <Filter>Source Files</Filter>
    </ClCompile>
    <ClCompile Include="EventData.cpp">
      <Filter>Source Files</Filter>
    </ClCompile>
    <ClCompile Include="EventManager.cpp">
      <Filter>Source Files</Filter>
    </ClCompile>
    <ClCompile Include="Hook.cpp">
      <Filter>Source Files</Filter>
    </ClCompile>
    <ClCompile Include="Npc.cpp">
      <Filter>Source Files</Filter>
    </ClCompile>
    <ClCompile Include="ConfigManager.cpp">
      <Filter>Source Files</Filter>
    </ClCompile>
    <ClCompile Include="UserItem.cpp">
      <Filter>Source Files\OnePerOne</Filter>
    </ClCompile>
    <ClCompile Include="MyDatabase.cpp">
      <Filter>Source Files\OnePerOne</Filter>
    </ClCompile>
  </ItemGroup>
</Project>